// !$*UTF8*$!
{
	archiveVersion = 1;
	classes = {
	};
	objectVersion = 48;
	objects = {

/* Begin PBXBuildFile section */
		5506A5731FE1FF98002E9586 /* VRS_CloudPrefs_C.m in Sources */ = {isa = PBXBuildFile; fileRef = 5506A5711FE1FF98002E9586 /* VRS_CloudPrefs_C.m */; };
		5529823F1FDC667900144C01 /* VRS_CloudPrefs.m in Sources */ = {isa = PBXBuildFile; fileRef = 5529823E1FDC667900144C01 /* VRS_CloudPrefs.m */; };
		5537E1A31FDDC2F0001F81E9 /* Foundation.framework in Frameworks */ = {isa = PBXBuildFile; fileRef = 5537E1A21FDDC2F0001F81E9 /* Foundation.framework */; };
		5542D3311FDDEA9200E74E34 /* VRS_CloudPrefs.h in CopyFiles */ = {isa = PBXBuildFile; fileRef = 5529823D1FDC667900144C01 /* VRS_CloudPrefs.h */; };
		557D51A91FE752CF00126BE1 /* VrsCloudPrefs.a in CopyFiles */ = {isa = PBXBuildFile; fileRef = 5529823A1FDC667900144C01 /* VrsCloudPrefs.a */; };
		558296841FDF6763006FE9F7 /* VrsCloudPrefs.a in CopyFiles */ = {isa = PBXBuildFile; fileRef = 5529823A1FDC667900144C01 /* VrsCloudPrefs.a */; };
		55C016801FDDC4C400975E20 /* UnityString.m in Sources */ = {isa = PBXBuildFile; fileRef = 5537E19D1FDDC079001F81E9 /* UnityString.m */; };
/* End PBXBuildFile section */

/* Begin PBXCopyFilesBuildPhase section */
		552982381FDC667900144C01 /* CopyFiles */ = {
			isa = PBXCopyFilesBuildPhase;
			buildActionMask = 2147483647;
			dstPath = "include/$(PRODUCT_NAME)";
			dstSubfolderSpec = 16;
			files = (
				5542D3311FDDEA9200E74E34 /* VRS_CloudPrefs.h in CopyFiles */,
			);
			runOnlyForDeploymentPostprocessing = 0;
		};
		557D51A81FE752C500126BE1 /* CopyFiles */ = {
			isa = PBXCopyFilesBuildPhase;
			buildActionMask = 2147483647;
			dstPath = "~/Projects/Unity/Test/eppz.Cloud/Build/iOS/tangram!/Libraries/Plugins/eppz!/Cloud";
			dstSubfolderSpec = 0;
			files = (
				557D51A91FE752CF00126BE1 /* VrsCloudPrefs.a in CopyFiles */,
			);
			runOnlyForDeploymentPostprocessing = 0;
		};
		558296831FDF671E006FE9F7 /* CopyFiles */ = {
			isa = PBXCopyFilesBuildPhase;
			buildActionMask = 2147483647;
			dstPath = "~/Projects/Unity/Test/eppz.Cloud/Assets/Plugins/eppz!/Cloud";
			dstSubfolderSpec = 0;
			files = (
				558296841FDF6763006FE9F7 /* VrsCloudPrefs.a in CopyFiles */,
			);
			runOnlyForDeploymentPostprocessing = 0;
		};
/* End PBXCopyFilesBuildPhase section */

/* Begin PBXFileReference section */
		5506A5711FE1FF98002E9586 /* VRS_CloudPrefs_C.m */ = {isa = PBXFileReference; lastKnownFileType = sourcecode.c.objc; path = VRS_CloudPrefs_C.m; sourceTree = "<group>"; };
		5506A5721FE1FF98002E9586 /* VRS_CloudPrefs_C.h */ = {isa = PBXFileReference; lastKnownFileType = sourcecode.c.h; path = VRS_CloudPrefs_C.h; sourceTree = "<group>"; };
		5529823A1FDC667900144C01 /* VrsCloudPrefs.a */ = {isa = PBXFileReference; explicitFileType = archive.ar; includeInIndex = 0; path = VrsCloudPrefs.a; sourceTree = BUILT_PRODUCTS_DIR; };
		5529823D1FDC667900144C01 /* VRS_CloudPrefs.h */ = {isa = PBXFileReference; lastKnownFileType = sourcecode.c.h; path = VRS_CloudPrefs.h; sourceTree = "<group>"; };
		5529823E1FDC667900144C01 /* VRS_CloudPrefs.m */ = {isa = PBXFileReference; lastKnownFileType = sourcecode.c.objc; path = VRS_CloudPrefs.m; sourceTree = "<group>"; };
		5537E19D1FDDC079001F81E9 /* UnityString.m */ = {isa = PBXFileReference; lastKnownFileType = sourcecode.c.objc; path = UnityString.m; sourceTree = "<group>"; };
		5537E1A21FDDC2F0001F81E9 /* Foundation.framework */ = {isa = PBXFileReference; lastKnownFileType = wrapper.framework; name = Foundation.framework; path = System/Library/Frameworks/Foundation.framework; sourceTree = SDKROOT; };
/* End PBXFileReference section */

/* Begin PBXFrameworksBuildPhase section */
		552982371FDC667900144C01 /* Frameworks */ = {
			isa = PBXFrameworksBuildPhase;
			buildActionMask = 2147483647;
			files = (
				5537E1A31FDDC2F0001F81E9 /* Foundation.framework in Frameworks */,
			);
			runOnlyForDeploymentPostprocessing = 0;
		};
/* End PBXFrameworksBuildPhase section */

/* Begin PBXGroup section */
		552982311FDC667900144C01 = {
			isa = PBXGroup;
			children = (
				5529823C1FDC667900144C01 /* VrsCloudPrefs */,
				5529823B1FDC667900144C01 /* Products */,
				5537E1A11FDDC2EF001F81E9 /* Frameworks */,
			);
			indentWidth = 2;
			sourceTree = "<group>";
			tabWidth = 2;
			usesTabs = 0;
		};
		5529823B1FDC667900144C01 /* Products */ = {
			isa = PBXGroup;
			children = (
				5529823A1FDC667900144C01 /* VrsCloudPrefs.a */,
			);
			name = Products;
			sourceTree = "<group>";
		};
		5529823C1FDC667900144C01 /* VrsCloudPrefs */ = {
			isa = PBXGroup;
			children = (
				5529823D1FDC667900144C01 /* VRS_CloudPrefs.h */,
				5529823E1FDC667900144C01 /* VRS_CloudPrefs.m */,
				5506A5721FE1FF98002E9586 /* VRS_CloudPrefs_C.h */,
				5506A5711FE1FF98002E9586 /* VRS_CloudPrefs_C.m */,
				5537E19D1FDDC079001F81E9 /* UnityString.m */,
			);
			path = VrsCloudPrefs;
			sourceTree = "<group>";
		};
		5537E1A11FDDC2EF001F81E9 /* Frameworks */ = {
			isa = PBXGroup;
			children = (
				5537E1A21FDDC2F0001F81E9 /* Foundation.framework */,
			);
			name = Frameworks;
			sourceTree = "<group>";
		};
/* End PBXGroup section */

/* Begin PBXNativeTarget section */
		552982391FDC667900144C01 /* VrsCloudPrefs */ = {
			isa = PBXNativeTarget;
			buildConfigurationList = 552982431FDC667900144C01 /* Build configuration list for PBXNativeTarget "VrsCloudPrefs" */;
			buildPhases = (
				552982361FDC667900144C01 /* Sources */,
				552982371FDC667900144C01 /* Frameworks */,
				552982381FDC667900144C01 /* CopyFiles */,
				558296831FDF671E006FE9F7 /* CopyFiles */,
				557D51A81FE752C500126BE1 /* CopyFiles */,
			);
			buildRules = (
			);
			dependencies = (
			);
			name = VrsCloudPrefs;
			productName = "eppz! Cloud";
			productReference = 5529823A1FDC667900144C01 /* VrsCloudPrefs.a */;
			productType = "com.apple.product-type.library.static";
		};
/* End PBXNativeTarget section */

/* Begin PBXProject section */
		552982321FDC667900144C01 /* Project object */ = {
			isa = PBXProject;
			attributes = {
				LastUpgradeCheck = 0900;
				ORGANIZATIONNAME = "Visual Realm";
				TargetAttributes = {
					552982391FDC667900144C01 = {
						CreatedOnToolsVersion = 9.0;
						ProvisioningStyle = Automatic;
					};
				};
			};
			buildConfigurationList = 552982351FDC667900144C01 /* Build configuration list for PBXProject "VrsCloudPrefs" */;
			compatibilityVersion = "Xcode 8.0";
			developmentRegion = en;
			hasScannedForEncodings = 0;
			knownRegions = (
				en,
				Base,
			);
			mainGroup = 552982311FDC667900144C01;
			productRefGroup = 5529823B1FDC667900144C01 /* Products */;
			projectDirPath = "";
			projectRoot = "";
			targets = (
				552982391FDC667900144C01 /* VrsCloudPrefs */,
			);
		};
/* End PBXProject section */

/* Begin PBXSourcesBuildPhase section */
		552982361FDC667900144C01 /* Sources */ = {
			isa = PBXSourcesBuildPhase;
			buildActionMask = 2147483647;
			files = (
				5529823F1FDC667900144C01 /* VRS_CloudPrefs.m in Sources */,
				5506A5731FE1FF98002E9586 /* VRS_CloudPrefs_C.m in Sources */,
				55C016801FDDC4C400975E20 /* UnityString.m in Sources */,
			);
			runOnlyForDeploymentPostprocessing = 0;
		};
/* End PBXSourcesBuildPhase section */

/* Begin XCBuildConfiguration section */
		552982411FDC667900144C01 /* Debug */ = {
			isa = XCBuildConfiguration;
			buildSettings = {
				ALWAYS_SEARCH_USER_PATHS = NO;
				CLANG_ANALYZER_NONNULL = YES;
				CLANG_ANALYZER_NUMBER_OBJECT_CONVERSION = YES_AGGRESSIVE;
				CLANG_CXX_LANGUAGE_STANDARD = "gnu++14";
				CLANG_CXX_LIBRARY = "libc++";
				CLANG_ENABLE_MODULES = YES;
				CLANG_ENABLE_OBJC_ARC = YES;
				CLANG_WARN_BLOCK_CAPTURE_AUTORELEASING = YES;
				CLANG_WARN_BOOL_CONVERSION = YES;
				CLANG_WARN_COMMA = YES;
				CLANG_WARN_CONSTANT_CONVERSION = YES;
				CLANG_WARN_DIRECT_OBJC_ISA_USAGE = YES_ERROR;
				CLANG_WARN_DOCUMENTATION_COMMENTS = YES;
				CLANG_WARN_EMPTY_BODY = YES;
				CLANG_WARN_ENUM_CONVERSION = YES;
				CLANG_WARN_INFINITE_RECURSION = YES;
				CLANG_WARN_INT_CONVERSION = YES;
				CLANG_WARN_NON_LITERAL_NULL_CONVERSION = YES;
				CLANG_WARN_OBJC_LITERAL_CONVERSION = YES;
				CLANG_WARN_OBJC_ROOT_CLASS = YES_ERROR;
				CLANG_WARN_RANGE_LOOP_ANALYSIS = YES;
				CLANG_WARN_STRICT_PROTOTYPES = YES;
				CLANG_WARN_SUSPICIOUS_MOVE = YES;
				CLANG_WARN_UNGUARDED_AVAILABILITY = YES_AGGRESSIVE;
				CLANG_WARN_UNREACHABLE_CODE = YES;
				CLANG_WARN__DUPLICATE_METHOD_MATCH = YES;
				CODE_SIGN_IDENTITY = "iPhone Developer";
				COPY_PHASE_STRIP = NO;
				DEBUG_INFORMATION_FORMAT = dwarf;
				ENABLE_STRICT_OBJC_MSGSEND = YES;
				ENABLE_TESTABILITY = YES;
				GCC_C_LANGUAGE_STANDARD = gnu11;
				GCC_DYNAMIC_NO_PIC = NO;
				GCC_NO_COMMON_BLOCKS = YES;
				GCC_OPTIMIZATION_LEVEL = 0;
				GCC_PREPROCESSOR_DEFINITIONS = (
					"DEBUG=1",
					"$(inherited)",
				);
				GCC_WARN_64_TO_32_BIT_CONVERSION = YES;
				GCC_WARN_ABOUT_RETURN_TYPE = YES_ERROR;
				GCC_WARN_UNDECLARED_SELECTOR = YES;
				GCC_WARN_UNINITIALIZED_AUTOS = YES_AGGRESSIVE;
				GCC_WARN_UNUSED_FUNCTION = YES;
				GCC_WARN_UNUSED_VARIABLE = YES;
				IPHONEOS_DEPLOYMENT_TARGET = 7.0;
				MTL_ENABLE_DEBUG_INFO = YES;
				ONLY_ACTIVE_ARCH = NO;
				SDKROOT = iphoneos;
			};
			name = Debug;
		};
		552982421FDC667900144C01 /* Release */ = {
			isa = XCBuildConfiguration;
			buildSettings = {
				ALWAYS_SEARCH_USER_PATHS = NO;
				CLANG_ANALYZER_NONNULL = YES;
				CLANG_ANALYZER_NUMBER_OBJECT_CONVERSION = YES_AGGRESSIVE;
				CLANG_CXX_LANGUAGE_STANDARD = "gnu++14";
				CLANG_CXX_LIBRARY = "libc++";
				CLANG_ENABLE_MODULES = YES;
				CLANG_ENABLE_OBJC_ARC = YES;
				CLANG_WARN_BLOCK_CAPTURE_AUTORELEASING = YES;
				CLANG_WARN_BOOL_CONVERSION = YES;
				CLANG_WARN_COMMA = YES;
				CLANG_WARN_CONSTANT_CONVERSION = YES;
				CLANG_WARN_DIRECT_OBJC_ISA_USAGE = YES_ERROR;
				CLANG_WARN_DOCUMENTATION_COMMENTS = YES;
				CLANG_WARN_EMPTY_BODY = YES;
				CLANG_WARN_ENUM_CONVERSION = YES;
				CLANG_WARN_INFINITE_RECURSION = YES;
				CLANG_WARN_INT_CONVERSION = YES;
				CLANG_WARN_NON_LITERAL_NULL_CONVERSION = YES;
				CLANG_WARN_OBJC_LITERAL_CONVERSION = YES;
				CLANG_WARN_OBJC_ROOT_CLASS = YES_ERROR;
				CLANG_WARN_RANGE_LOOP_ANALYSIS = YES;
				CLANG_WARN_STRICT_PROTOTYPES = YES;
				CLANG_WARN_SUSPICIOUS_MOVE = YES;
				CLANG_WARN_UNGUARDED_AVAILABILITY = YES_AGGRESSIVE;
				CLANG_WARN_UNREACHABLE_CODE = YES;
				CLANG_WARN__DUPLICATE_METHOD_MATCH = YES;
				CODE_SIGN_IDENTITY = "iPhone Developer";
				COPY_PHASE_STRIP = NO;
				DEBUG_INFORMATION_FORMAT = "dwarf-with-dsym";
				ENABLE_NS_ASSERTIONS = NO;
				ENABLE_STRICT_OBJC_MSGSEND = YES;
				GCC_C_LANGUAGE_STANDARD = gnu11;
				GCC_NO_COMMON_BLOCKS = YES;
				GCC_WARN_64_TO_32_BIT_CONVERSION = YES;
				GCC_WARN_ABOUT_RETURN_TYPE = YES_ERROR;
				GCC_WARN_UNDECLARED_SELECTOR = YES;
				GCC_WARN_UNINITIALIZED_AUTOS = YES_AGGRESSIVE;
				GCC_WARN_UNUSED_FUNCTION = YES;
				GCC_WARN_UNUSED_VARIABLE = YES;
				IPHONEOS_DEPLOYMENT_TARGET = 7.0;
				MTL_ENABLE_DEBUG_INFO = NO;
				SDKROOT = iphoneos;
				VALIDATE_PRODUCT = YES;
			};
			name = Release;
		};
		552982441FDC667900144C01 /* Debug */ = {
			isa = XCBuildConfiguration;
			buildSettings = {
				CLANG_ENABLE_MODULES = YES;
				CODE_SIGN_STYLE = Automatic;
				DEVELOPMENT_TEAM = NG36MJV4JP;
				EXECUTABLE_PREFIX = "";
				OTHER_LDFLAGS = "-fembed-bitcode";
				PRODUCT_NAME = "$(TARGET_NAME)";
				SKIP_INSTALL = YES;
				TARGETED_DEVICE_FAMILY = "1,2";
			};
			name = Debug;
		};
		552982451FDC667900144C01 /* Release */ = {
			isa = XCBuildConfiguration;
			buildSettings = {
				CLANG_ENABLE_MODULES = YES;
				CODE_SIGN_STYLE = Automatic;
				DEVELOPMENT_TEAM = NG36MJV4JP;
				EXECUTABLE_PREFIX = "";
				OTHER_LDFLAGS = "-fembed-bitcode";
				PRODUCT_NAME = "$(TARGET_NAME)";
				SKIP_INSTALL = YES;
				TARGETED_DEVICE_FAMILY = "1,2";
			};
			name = Release;
		};
/* End XCBuildConfiguration section */

/* Begin XCConfigurationList section */
		552982351FDC667900144C01 /* Build configuration list for PBXProject "VrsCloudPrefs" */ = {
			isa = XCConfigurationList;
			buildConfigurations = (
				552982411FDC667900144C01 /* Debug */,
				552982421FDC667900144C01 /* Release */,
			);
			defaultConfigurationIsVisible = 0;
			defaultConfigurationName = Release;
		};
		552982431FDC667900144C01 /* Build configuration list for PBXNativeTarget "VrsCloudPrefs" */ = {
			isa = XCConfigurationList;
			buildConfigurations = (
				552982441FDC667900144C01 /* Debug */,
				552982451FDC667900144C01 /* Release */,
			);
			defaultConfigurationIsVisible = 0;
			defaultConfigurationName = Release;
		};
/* End XCConfigurationList section */
	};
	rootObject = 552982321FDC667900144C01 /* Project object */;
}
